// !$*UTF8*$!
{
	archiveVersion = 1;
	classes = {
	};
	objectVersion = 56;
	objects = {

/* Begin PBXBuildFile section */
		988F21352A1F701C0077BBA3 /* meTubeSwiftUIApp.swift in Sources */ = {isa = PBXBuildFile; fileRef = 988F21342A1F701C0077BBA3 /* meTubeSwiftUIApp.swift */; };
		988F21372A1F701C0077BBA3 /* ContentView.swift in Sources */ = {isa = PBXBuildFile; fileRef = 988F21362A1F701C0077BBA3 /* ContentView.swift */; };
		988F21392A1F701D0077BBA3 /* Assets.xcassets in Resources */ = {isa = PBXBuildFile; fileRef = 988F21382A1F701D0077BBA3 /* Assets.xcassets */; };
		988F213C2A1F701D0077BBA3 /* Preview Assets.xcassets in Resources */ = {isa = PBXBuildFile; fileRef = 988F213B2A1F701D0077BBA3 /* Preview Assets.xcassets */; };
		988F21432A1F70460077BBA3 /* VideoListCell.swift in Sources */ = {isa = PBXBuildFile; fileRef = 988F21422A1F70460077BBA3 /* VideoListCell.swift */; };
		988F21472A1F73950077BBA3 /* VideoModel.swift in Sources */ = {isa = PBXBuildFile; fileRef = 988F21462A1F73950077BBA3 /* VideoModel.swift */; };
		988F214A2A1F78B00077BBA3 /* VideoFetcher.swift in Sources */ = {isa = PBXBuildFile; fileRef = 988F21492A1F78B00077BBA3 /* VideoFetcher.swift */; };
		988F21512A1F942C0077BBA3 /* VideoView.swift in Sources */ = {isa = PBXBuildFile; fileRef = 988F21502A1F942C0077BBA3 /* VideoView.swift */; };
		988F21532A1FA53F0077BBA3 /* Loading.swift in Sources */ = {isa = PBXBuildFile; fileRef = 988F21522A1FA53F0077BBA3 /* Loading.swift */; };
		988F21552A1FA7270077BBA3 /* SearchBar.swift in Sources */ = {isa = PBXBuildFile; fileRef = 988F21542A1FA7270077BBA3 /* SearchBar.swift */; };
/* End PBXBuildFile section */

/* Begin PBXFileReference section */
		988F21312A1F701C0077BBA3 /* meTubeSwiftUI.app */ = {isa = PBXFileReference; explicitFileType = wrapper.application; includeInIndex = 0; path = meTubeSwiftUI.app; sourceTree = BUILT_PRODUCTS_DIR; };
		988F21342A1F701C0077BBA3 /* meTubeSwiftUIApp.swift */ = {isa = PBXFileReference; lastKnownFileType = sourcecode.swift; path = meTubeSwiftUIApp.swift; sourceTree = "<group>"; };
		988F21362A1F701C0077BBA3 /* ContentView.swift */ = {isa = PBXFileReference; lastKnownFileType = sourcecode.swift; path = ContentView.swift; sourceTree = "<group>"; };
		988F21382A1F701D0077BBA3 /* Assets.xcassets */ = {isa = PBXFileReference; lastKnownFileType = folder.assetcatalog; path = Assets.xcassets; sourceTree = "<group>"; };
		988F213B2A1F701D0077BBA3 /* Preview Assets.xcassets */ = {isa = PBXFileReference; lastKnownFileType = folder.assetcatalog; path = "Preview Assets.xcassets"; sourceTree = "<group>"; };
		988F21422A1F70460077BBA3 /* VideoListCell.swift */ = {isa = PBXFileReference; lastKnownFileType = sourcecode.swift; path = VideoListCell.swift; sourceTree = "<group>"; };
		988F21462A1F73950077BBA3 /* VideoModel.swift */ = {isa = PBXFileReference; lastKnownFileType = sourcecode.swift; path = VideoModel.swift; sourceTree = "<group>"; };
		988F21492A1F78B00077BBA3 /* VideoFetcher.swift */ = {isa = PBXFileReference; lastKnownFileType = sourcecode.swift; path = VideoFetcher.swift; sourceTree = "<group>"; };
		988F21502A1F942C0077BBA3 /* VideoView.swift */ = {isa = PBXFileReference; lastKnownFileType = sourcecode.swift; path = VideoView.swift; sourceTree = "<group>"; };
		988F21522A1FA53F0077BBA3 /* Loading.swift */ = {isa = PBXFileReference; lastKnownFileType = sourcecode.swift; path = Loading.swift; sourceTree = "<group>"; };
		988F21542A1FA7270077BBA3 /* SearchBar.swift */ = {isa = PBXFileReference; lastKnownFileType = sourcecode.swift; path = SearchBar.swift; sourceTree = "<group>"; };
/* End PBXFileReference section */

/* Begin PBXFrameworksBuildPhase section */
		988F212E2A1F701C0077BBA3 /* Frameworks */ = {
			isa = PBXFrameworksBuildPhase;
			buildActionMask = 2147483647;
			files = (
			);
			runOnlyForDeploymentPostprocessing = 0;
		};
/* End PBXFrameworksBuildPhase section */

/* Begin PBXGroup section */
		988F21282A1F701C0077BBA3 = {
			isa = PBXGroup;
			children = (
				988F21332A1F701C0077BBA3 /* meTubeSwiftUI */,
				988F21322A1F701C0077BBA3 /* Products */,
			);
			sourceTree = "<group>";
		};
		988F21322A1F701C0077BBA3 /* Products */ = {
			isa = PBXGroup;
			children = (
				988F21312A1F701C0077BBA3 /* meTubeSwiftUI.app */,
			);
			name = Products;
			sourceTree = "<group>";
		};
		988F21332A1F701C0077BBA3 /* meTubeSwiftUI */ = {
			isa = PBXGroup;
			children = (
				988F21482A1F789E0077BBA3 /* Fetcher */,
				988F21452A1F73880077BBA3 /* Model */,
				988F21442A1F704B0077BBA3 /* SubView */,
				988F21342A1F701C0077BBA3 /* meTubeSwiftUIApp.swift */,
				988F21362A1F701C0077BBA3 /* ContentView.swift */,
				988F21382A1F701D0077BBA3 /* Assets.xcassets */,
				988F213A2A1F701D0077BBA3 /* Preview Content */,
			);
			path = meTubeSwiftUI;
			sourceTree = "<group>";
		};
		988F213A2A1F701D0077BBA3 /* Preview Content */ = {
			isa = PBXGroup;
			children = (
				988F213B2A1F701D0077BBA3 /* Preview Assets.xcassets */,
			);
			path = "Preview Content";
			sourceTree = "<group>";
		};
		988F21442A1F704B0077BBA3 /* SubView */ = {
			isa = PBXGroup;
			children = (
				988F21422A1F70460077BBA3 /* VideoListCell.swift */,
				988F21502A1F942C0077BBA3 /* VideoView.swift */,
				988F21522A1FA53F0077BBA3 /* Loading.swift */,
				988F21542A1FA7270077BBA3 /* SearchBar.swift */,
			);
			path = SubView;
			sourceTree = "<group>";
		};
		988F21452A1F73880077BBA3 /* Model */ = {
			isa = PBXGroup;
			children = (
				988F21462A1F73950077BBA3 /* VideoModel.swift */,
			);
			path = Model;
			sourceTree = "<group>";
		};
		988F21482A1F789E0077BBA3 /* Fetcher */ = {
			isa = PBXGroup;
			children = (
				988F21492A1F78B00077BBA3 /* VideoFetcher.swift */,
			);
			path = Fetcher;
			sourceTree = "<group>";
		};
/* End PBXGroup section */

/* Begin PBXNativeTarget section */
		988F21302A1F701C0077BBA3 /* meTubeSwiftUI */ = {
			isa = PBXNativeTarget;
			buildConfigurationList = 988F213F2A1F701D0077BBA3 /* Build configuration list for PBXNativeTarget "meTubeSwiftUI" */;
			buildPhases = (
				988F212D2A1F701C0077BBA3 /* Sources */,
				988F212E2A1F701C0077BBA3 /* Frameworks */,
				988F212F2A1F701C0077BBA3 /* Resources */,
			);
			buildRules = (
			);
			dependencies = (
			);
			name = meTubeSwiftUI;
			packageProductDependencies = (
			);
			productName = meTubeSwiftUI;
			productReference = 988F21312A1F701C0077BBA3 /* meTubeSwiftUI.app */;
			productType = "com.apple.product-type.application";
		};
/* End PBXNativeTarget section */

/* Begin PBXProject section */
		988F21292A1F701C0077BBA3 /* Project object */ = {
			isa = PBXProject;
			attributes = {
				BuildIndependentTargetsInParallel = 1;
				LastSwiftUpdateCheck = 1420;
				LastUpgradeCheck = 1420;
				TargetAttributes = {
					988F21302A1F701C0077BBA3 = {
						CreatedOnToolsVersion = 14.2;
					};
				};
			};
			buildConfigurationList = 988F212C2A1F701C0077BBA3 /* Build configuration list for PBXProject "meTubeSwiftUI" */;
			compatibilityVersion = "Xcode 14.0";
			developmentRegion = en;
			hasScannedForEncodings = 0;
			knownRegions = (
				en,
				Base,
			);
			mainGroup = 988F21282A1F701C0077BBA3;
			packageReferences = (
			);
			productRefGroup = 988F21322A1F701C0077BBA3 /* Products */;
			projectDirPath = "";
			projectRoot = "";
			targets = (
				988F21302A1F701C0077BBA3 /* meTubeSwiftUI */,
			);
		};
/* End PBXProject section */

/* Begin PBXResourcesBuildPhase section */
		988F212F2A1F701C0077BBA3 /* Resources */ = {
			isa = PBXResourcesBuildPhase;
			buildActionMask = 2147483647;
			files = (
				988F213C2A1F701D0077BBA3 /* Preview Assets.xcassets in Resources */,
				988F21392A1F701D0077BBA3 /* Assets.xcassets in Resources */,
			);
			runOnlyForDeploymentPostprocessing = 0;
		};
/* End PBXResourcesBuildPhase section */

/* Begin PBXSourcesBuildPhase section */
		988F212D2A1F701C0077BBA3 /* Sources */ = {
			isa = PBXSourcesBuildPhase;
			buildActionMask = 2147483647;
			files = (
				988F21512A1F942C0077BBA3 /* VideoView.swift in Sources */,
				988F21372A1F701C0077BBA3 /* ContentView.swift in Sources */,
				988F21352A1F701C0077BBA3 /* meTubeSwiftUIApp.swift in Sources */,
				988F21432A1F70460077BBA3 /* VideoListCell.swift in Sources */,
				988F21532A1FA53F0077BBA3 /* Loading.swift in Sources */,
				988F21552A1FA7270077BBA3 /* SearchBar.swift in Sources */,
				988F21472A1F73950077BBA3 /* VideoModel.swift in Sources */,
				988F214A2A1F78B00077BBA3 /* VideoFetcher.swift in Sources */,
			);
			runOnlyForDeploymentPostprocessing = 0;
		};
/* End PBXSourcesBuildPhase section */

/* Begin XCBuildConfiguration section */
		988F213D2A1F701D0077BBA3 /* Debug */ = {
			isa = XCBuildConfiguration;
			buildSettings = {
				ALWAYS_SEARCH_USER_PATHS = NO;
				CLANG_ANALYZER_NONNULL = YES;
				CLANG_ANALYZER_NUMBER_OBJECT_CONVERSION = YES_AGGRESSIVE;
				CLANG_CXX_LANGUAGE_STANDARD = "gnu++20";
				CLANG_ENABLE_MODULES = YES;
				CLANG_ENABLE_OBJC_ARC = YES;
				CLANG_ENABLE_OBJC_WEAK = YES;
				CLANG_WARN_BLOCK_CAPTURE_AUTORELEASING = YES;
				CLANG_WARN_BOOL_CONVERSION = YES;
				CLANG_WARN_COMMA = YES;
				CLANG_WARN_CONSTANT_CONVERSION = YES;
				CLANG_WARN_DEPRECATED_OBJC_IMPLEMENTATIONS = YES;
				CLANG_WARN_DIRECT_OBJC_ISA_USAGE = YES_ERROR;
				CLANG_WARN_DOCUMENTATION_COMMENTS = YES;
				CLANG_WARN_EMPTY_BODY = YES;
				CLANG_WARN_ENUM_CONVERSION = YES;
				CLANG_WARN_INFINITE_RECURSION = YES;
				CLANG_WARN_INT_CONVERSION = YES;
				CLANG_WARN_NON_LITERAL_NULL_CONVERSION = YES;
				CLANG_WARN_OBJC_IMPLICIT_RETAIN_SELF = YES;
				CLANG_WARN_OBJC_LITERAL_CONVERSION = YES;
				CLANG_WARN_OBJC_ROOT_CLASS = YES_ERROR;
				CLANG_WARN_QUOTED_INCLUDE_IN_FRAMEWORK_HEADER = YES;
				CLANG_WARN_RANGE_LOOP_ANALYSIS = YES;
				CLANG_WARN_STRICT_PROTOTYPES = YES;
				CLANG_WARN_SUSPICIOUS_MOVE = YES;
				CLANG_WARN_UNGUARDED_AVAILABILITY = YES_AGGRESSIVE;
				CLANG_WARN_UNREACHABLE_CODE = YES;
				CLANG_WARN__DUPLICATE_METHOD_MATCH = YES;
				COPY_PHASE_STRIP = NO;
				DEBUG_INFORMATION_FORMAT = dwarf;
				ENABLE_STRICT_OBJC_MSGSEND = YES;
				ENABLE_TESTABILITY = YES;
				GCC_C_LANGUAGE_STANDARD = gnu11;
				GCC_DYNAMIC_NO_PIC = NO;
				GCC_NO_COMMON_BLOCKS = YES;
				GCC_OPTIMIZATION_LEVEL = 0;
				GCC_PREPROCESSOR_DEFINITIONS = (
					"DEBUG=1",
					"$(inherited)",
				);
				GCC_WARN_64_TO_32_BIT_CONVERSION = YES;
				GCC_WARN_ABOUT_RETURN_TYPE = YES_ERROR;
				GCC_WARN_UNDECLARED_SELECTOR = YES;
				GCC_WARN_UNINITIALIZED_AUTOS = YES_AGGRESSIVE;
				GCC_WARN_UNUSED_FUNCTION = YES;
				GCC_WARN_UNUSED_VARIABLE = YES;
				IPHONEOS_DEPLOYMENT_TARGET = 16.2;
				MTL_ENABLE_DEBUG_INFO = INCLUDE_SOURCE;
				MTL_FAST_MATH = YES;
				ONLY_ACTIVE_ARCH = YES;
				SDKROOT = iphoneos;
				SWIFT_ACTIVE_COMPILATION_CONDITIONS = DEBUG;
				SWIFT_OPTIMIZATION_LEVEL = "-Onone";
			};
			name = Debug;
		};
		988F213E2A1F701D0077BBA3 /* Release */ = {
			isa = XCBuildConfiguration;
			buildSettings = {
				ALWAYS_SEARCH_USER_PATHS = NO;
				CLANG_ANALYZER_NONNULL = YES;
				CLANG_ANALYZER_NUMBER_OBJECT_CONVERSION = YES_AGGRESSIVE;
				CLANG_CXX_LANGUAGE_STANDARD = "gnu++20";
				CLANG_ENABLE_MODULES = YES;
				CLANG_ENABLE_OBJC_ARC = YES;
				CLANG_ENABLE_OBJC_WEAK = YES;
				CLANG_WARN_BLOCK_CAPTURE_AUTORELEASING = YES;
				CLANG_WARN_BOOL_CONVERSION = YES;
				CLANG_WARN_COMMA = YES;
				CLANG_WARN_CONSTANT_CONVERSION = YES;
				CLANG_WARN_DEPRECATED_OBJC_IMPLEMENTATIONS = YES;
				CLANG_WARN_DIRECT_OBJC_ISA_USAGE = YES_ERROR;
				CLANG_WARN_DOCUMENTATION_COMMENTS = YES;
				CLANG_WARN_EMPTY_BODY = YES;
				CLANG_WARN_ENUM_CONVERSION = YES;
				CLANG_WARN_INFINITE_RECURSION = YES;
				CLANG_WARN_INT_CONVERSION = YES;
				CLANG_WARN_NON_LITERAL_NULL_CONVERSION = YES;
				CLANG_WARN_OBJC_IMPLICIT_RETAIN_SELF = YES;
				CLANG_WARN_OBJC_LITERAL_CONVERSION = YES;
				CLANG_WARN_OBJC_ROOT_CLASS = YES_ERROR;
				CLANG_WARN_QUOTED_INCLUDE_IN_FRAMEWORK_HEADER = YES;
				CLANG_WARN_RANGE_LOOP_ANALYSIS = YES;
				CLANG_WARN_STRICT_PROTOTYPES = YES;
				CLANG_WARN_SUSPICIOUS_MOVE = YES;
				CLANG_WARN_UNGUARDED_AVAILABILITY = YES_AGGRESSIVE;
				CLANG_WARN_UNREACHABLE_CODE = YES;
				CLANG_WARN__DUPLICATE_METHOD_MATCH = YES;
				COPY_PHASE_STRIP = NO;
				DEBUG_INFORMATION_FORMAT = "dwarf-with-dsym";
				ENABLE_NS_ASSERTIONS = NO;
				ENABLE_STRICT_OBJC_MSGSEND = YES;
				GCC_C_LANGUAGE_STANDARD = gnu11;
				GCC_NO_COMMON_BLOCKS = YES;
				GCC_WARN_64_TO_32_BIT_CONVERSION = YES;
				GCC_WARN_ABOUT_RETURN_TYPE = YES_ERROR;
				GCC_WARN_UNDECLARED_SELECTOR = YES;
				GCC_WARN_UNINITIALIZED_AUTOS = YES_AGGRESSIVE;
				GCC_WARN_UNUSED_FUNCTION = YES;
				GCC_WARN_UNUSED_VARIABLE = YES;
				IPHONEOS_DEPLOYMENT_TARGET = 16.2;
				MTL_ENABLE_DEBUG_INFO = NO;
				MTL_FAST_MATH = YES;
				SDKROOT = iphoneos;
				SWIFT_COMPILATION_MODE = wholemodule;
				SWIFT_OPTIMIZATION_LEVEL = "-O";
				VALIDATE_PRODUCT = YES;
			};
			name = Release;
		};
		988F21402A1F701D0077BBA3 /* Debug */ = {
			isa = XCBuildConfiguration;
			buildSettings = {
				ASSETCATALOG_COMPILER_APPICON_NAME = AppIcon;
				ASSETCATALOG_COMPILER_GLOBAL_ACCENT_COLOR_NAME = AccentColor;
				CODE_SIGN_STYLE = Automatic;
				CURRENT_PROJECT_VERSION = 1;
				DEVELOPMENT_ASSET_PATHS = "\"meTubeSwiftUI/Preview Content\"";
				DEVELOPMENT_TEAM = 364MUK427X;
				ENABLE_PREVIEWS = YES;
				GENERATE_INFOPLIST_FILE = YES;
				INFOPLIST_KEY_UIApplicationSceneManifest_Generation = YES;
				INFOPLIST_KEY_UIApplicationSupportsIndirectInputEvents = YES;
				INFOPLIST_KEY_UILaunchScreen_Generation = YES;
				INFOPLIST_KEY_UIStatusBarStyle = "";
				INFOPLIST_KEY_UISupportedInterfaceOrientations = UIInterfaceOrientationPortrait;
				INFOPLIST_KEY_UISupportedInterfaceOrientations_iPad = "UIInterfaceOrientationLandscapeLeft UIInterfaceOrientationLandscapeRight UIInterfaceOrientationPortrait UIInterfaceOrientationPortraitUpsideDown";
				LD_RUNPATH_SEARCH_PATHS = (
					"$(inherited)",
					"@executable_path/Frameworks",
				);
				MARKETING_VERSION = 1.0;
				PRODUCT_BUNDLE_IDENTIFIER = com.Ardak.meTubeSwiftUI;
				PRODUCT_NAME = "$(TARGET_NAME)";
				SUPPORTED_PLATFORMS = "iphoneos iphonesimulator";
				SUPPORTS_MACCATALYST = NO;
				SUPPORTS_MAC_DESIGNED_FOR_IPHONE_IPAD = NO;
				SWIFT_EMIT_LOC_STRINGS = YES;
				SWIFT_VERSION = 5.0;
				TARGETED_DEVICE_FAMILY = 1;
			};
			name = Debug;
		};
		988F21412A1F701D0077BBA3 /* Release */ = {
			isa = XCBuildConfiguration;
			buildSettings = {
				ASSETCATALOG_COMPILER_APPICON_NAME = AppIcon;
				ASSETCATALOG_COMPILER_GLOBAL_ACCENT_COLOR_NAME = AccentColor;
				CODE_SIGN_STYLE = Automatic;
				CURRENT_PROJECT_VERSION = 1;
				DEVELOPMENT_ASSET_PATHS = "\"meTubeSwiftUI/Preview Content\"";
				DEVELOPMENT_TEAM = 364MUK427X;
				ENABLE_PREVIEWS = YES;
				GENERATE_INFOPLIST_FILE = YES;
				INFOPLIST_KEY_UIApplicationSceneManifest_Generation = YES;
				INFOPLIST_KEY_UIApplicationSupportsIndirectInputEvents = YES;
				INFOPLIST_KEY_UILaunchScreen_Generation = YES;
				INFOPLIST_KEY_UIStatusBarStyle = "";
				INFOPLIST_KEY_UISupportedInterfaceOrientations = UIInterfaceOrientationPortrait;
				INFOPLIST_KEY_UISupportedInterfaceOrientations_iPad = "UIInterfaceOrientationLandscapeLeft UIInterfaceOrientationLandscapeRight UIInterfaceOrientationPortrait UIInterfaceOrientationPortraitUpsideDown";
				LD_RUNPATH_SEARCH_PATHS = (
					"$(inherited)",
					"@executable_path/Frameworks",
				);
				MARKETING_VERSION = 1.0;
				PRODUCT_BUNDLE_IDENTIFIER = com.Ardak.meTubeSwiftUI;
				PRODUCT_NAME = "$(TARGET_NAME)";
				SUPPORTED_PLATFORMS = "iphoneos iphonesimulator";
				SUPPORTS_MACCATALYST = NO;
				SUPPORTS_MAC_DESIGNED_FOR_IPHONE_IPAD = NO;
				SWIFT_EMIT_LOC_STRINGS = YES;
				SWIFT_VERSION = 5.0;
				TARGETED_DEVICE_FAMILY = 1;
			};
			name = Release;
		};
/* End XCBuildConfiguration section */

/* Begin XCConfigurationList section */
		988F212C2A1F701C0077BBA3 /* Build configuration list for PBXProject "meTubeSwiftUI" */ = {
			isa = XCConfigurationList;
			buildConfigurations = (
				988F213D2A1F701D0077BBA3 /* Debug */,
				988F213E2A1F701D0077BBA3 /* Release */,
			);
			defaultConfigurationIsVisible = 0;
			defaultConfigurationName = Release;
		};
		988F213F2A1F701D0077BBA3 /* Build configuration list for PBXNativeTarget "meTubeSwiftUI" */ = {
			isa = XCConfigurationList;
			buildConfigurations = (
				988F21402A1F701D0077BBA3 /* Debug */,
				988F21412A1F701D0077BBA3 /* Release */,
			);
			defaultConfigurationIsVisible = 0;
			defaultConfigurationName = Release;
		};
/* End XCConfigurationList section */
	};
	rootObject = 988F21292A1F701C0077BBA3 /* Project object */;
}
